{
	"name": "zoboz",
	"lockfileVersion": 3,
	"requires": true,
	"packages": {
		"": {
			"name": "zoboz",
			"workspaces": [
				"apps/*",
				"packages/*",
				"level-ones/*",
				"level-twos/*"
			],
			"devDependencies": {
				"@biomejs/biome": "1.9.4",
				"typescript": "5.7.3"
			},
			"engines": {
				"node": ">=18"
			}
		},
		"level-ones/core-bundler": {
			"name": "@level-ones/core-bundler",
			"version": "0.0.0",
			"devDependencies": {
				"@types/node": "22.10.5",
				"@zoboz/core": "*",
				"typescript": "5.7.3"
			}
		},
		"level-ones/core-node10": {
			"name": "@level-ones/core-node10",
			"version": "0.0.0",
			"devDependencies": {
				"@types/node": "22.10.5",
				"@zoboz/core": "*",
				"typescript": "5.7.3"
			}
		},
		"level-ones/core-node16": {
			"name": "@level-ones/core-node16",
			"version": "0.0.0",
			"devDependencies": {
				"@types/node": "22.10.5",
				"@zoboz/core": "*",
				"typescript": "5.7.3"
			}
		},
		"level-ones/esbuild-bundler": {
			"name": "@level-ones/esbuild-bundler",
			"version": "0.0.0",
			"devDependencies": {
				"@types/node": "22.10.5",
				"@zoboz/core": "*",
				"typescript": "5.7.3"
			}
		},
		"level-ones/esbuild-node10": {
			"name": "@level-ones/esbuild-node10",
			"version": "0.0.0",
			"devDependencies": {
				"@types/node": "22.10.5",
				"@zoboz/core": "*",
				"typescript": "5.7.3"
			}
		},
		"level-ones/esbuild-node16": {
			"name": "@level-ones/esbuild-node16",
			"version": "0.0.0",
			"devDependencies": {
				"@types/node": "22.10.5",
				"@zoboz/core": "*",
				"typescript": "5.7.3"
			}
		},
		"level-twos/bundler": {
			"name": "@level-twos/bundler",
			"version": "0.0.0",
			"dependencies": {
				"@level-ones/core-bundler": "*",
				"@level-ones/core-node10": "*",
				"@level-ones/core-node16": "*",
				"@level-ones/esbuild-bundler": "*",
				"@level-ones/esbuild-node10": "*",
				"@level-ones/esbuild-node16": "*"
			},
			"devDependencies": {
				"@types/node": "22.10.5",
				"typescript": "5.7.3"
			}
		},
		"level-twos/node10": {
			"name": "@level-twos/node10",
			"version": "0.0.0",
			"dependencies": {
				"@level-ones/core-bundler": "*",
				"@level-ones/core-node10": "*",
				"@level-ones/core-node16": "*",
				"@level-ones/esbuild-bundler": "*",
				"@level-ones/esbuild-node10": "*",
				"@level-ones/esbuild-node16": "*"
			},
			"devDependencies": {
				"@types/node": "22.10.5",
				"typescript": "5.7.3"
			}
		},
		"level-twos/node16": {
			"name": "@level-twos/node16",
			"version": "0.0.0",
			"dependencies": {
				"@level-ones/core-bundler": "*",
				"@level-ones/core-node10": "*",
				"@level-ones/core-node16": "*",
				"@level-ones/esbuild-bundler": "*",
				"@level-ones/esbuild-node10": "*",
				"@level-ones/esbuild-node16": "*"
			},
			"devDependencies": {
				"@types/node": "22.10.5",
				"typescript": "5.7.3"
			}
		},
		"node_modules/@biomejs/biome": {
			"version": "1.9.4",
			"dev": true,
			"hasInstallScript": true,
			"license": "MIT OR Apache-2.0",
			"bin": {
				"biome": "bin/biome"
			},
			"engines": {
				"node": ">=14.21.3"
			},
			"funding": {
				"type": "opencollective",
				"url": "https://opencollective.com/biome"
			},
			"optionalDependencies": {
				"@biomejs/cli-darwin-arm64": "1.9.4",
				"@biomejs/cli-darwin-x64": "1.9.4",
				"@biomejs/cli-linux-arm64": "1.9.4",
				"@biomejs/cli-linux-arm64-musl": "1.9.4",
				"@biomejs/cli-linux-x64": "1.9.4",
				"@biomejs/cli-linux-x64-musl": "1.9.4",
				"@biomejs/cli-win32-arm64": "1.9.4",
				"@biomejs/cli-win32-x64": "1.9.4"
			}
		},
		"node_modules/@biomejs/cli-darwin-arm64": {
			"version": "1.9.4",
			"cpu": [
				"arm64"
			],
			"dev": true,
			"license": "MIT OR Apache-2.0",
			"optional": true,
			"os": [
				"darwin"
			],
			"engines": {
				"node": ">=14.21.3"
			}
		},
		"node_modules/@biomejs/cli-darwin-x64": {
			"version": "1.9.4",
			"cpu": [
				"x64"
			],
			"dev": true,
			"license": "MIT OR Apache-2.0",
			"optional": true,
			"os": [
				"darwin"
			],
			"engines": {
				"node": ">=14.21.3"
			}
		},
		"node_modules/@esbuild/darwin-arm64": {
			"version": "0.24.2",
			"cpu": [
				"arm64"
			],
			"license": "MIT",
			"optional": true,
			"os": [
				"darwin"
			],
			"engines": {
				"node": ">=18"
			}
		},
		"node_modules/@level-ones/core-bundler": {
			"resolved": "level-ones/core-bundler",
			"link": true
		},
		"node_modules/@level-ones/core-node10": {
			"resolved": "level-ones/core-node10",
			"link": true
		},
		"node_modules/@level-ones/core-node16": {
			"resolved": "level-ones/core-node16",
			"link": true
		},
		"node_modules/@level-ones/esbuild-bundler": {
			"resolved": "level-ones/esbuild-bundler",
			"link": true
		},
		"node_modules/@level-ones/esbuild-node10": {
			"resolved": "level-ones/esbuild-node10",
			"link": true
		},
		"node_modules/@level-ones/esbuild-node16": {
			"resolved": "level-ones/esbuild-node16",
			"link": true
		},
		"node_modules/@level-twos/bundler": {
			"resolved": "level-twos/bundler",
			"link": true
		},
		"node_modules/@level-twos/node10": {
			"resolved": "level-twos/node10",
			"link": true
		},
		"node_modules/@level-twos/node16": {
			"resolved": "level-twos/node16",
			"link": true
		},
		"node_modules/@types/node": {
			"version": "22.10.5",
			"dev": true,
			"license": "MIT",
			"dependencies": {
				"undici-types": "~6.20.0"
			}
		},
		"node_modules/@zoboz/core": {
			"resolved": "packages/core",
			"link": true
		},
		"node_modules/tsload": {
			"resolved": "packages/tsload",
			"link": true
		},
		"node_modules/typescript": {
			"version": "5.7.3",
			"dev": true,
			"license": "Apache-2.0",
			"bin": {
				"tsc": "bin/tsc",
				"tsserver": "bin/tsserver"
			},
			"engines": {
				"node": ">=14.17"
			}
		},
		"node_modules/undici-types": {
			"version": "6.20.0",
			"dev": true,
			"license": "MIT"
		},
		"packages/core": {
			"name": "@zoboz/core",
			"version": "3.1.1",
			"license": "MIT",
			"dependencies": {
				"esbuild": "0.24.2"
			},
			"bin": {
				"zoboz": "bin/zoboz.mjs"
			},
			"devDependencies": {
				"@types/node": "22.10.5",
				"typescript": "5.7.3"
			}
		},
		"packages/core/node_modules/@esbuild/linux-arm64": {
			"version": "0.24.2",
			"cpu": [
				"arm64"
			],
			"license": "MIT",
			"optional": true,
			"os": [
				"linux"
			],
			"engines": {
				"node": ">=18"
			}
		},
		"packages/core/node_modules/@types/node": {
			"version": "22.10.5",
			"dev": true,
			"license": "MIT",
			"dependencies": {
				"undici-types": "~6.20.0"
			}
		},
		"packages/core/node_modules/esbuild": {
			"version": "0.24.2",
			"hasInstallScript": true,
			"license": "MIT",
			"bin": {
				"esbuild": "bin/esbuild"
			},
			"engines": {
				"node": ">=18"
			},
			"optionalDependencies": {
				"@esbuild/aix-ppc64": "0.24.2",
				"@esbuild/android-arm": "0.24.2",
				"@esbuild/android-arm64": "0.24.2",
				"@esbuild/android-x64": "0.24.2",
				"@esbuild/darwin-arm64": "0.24.2",
				"@esbuild/darwin-x64": "0.24.2",
				"@esbuild/freebsd-arm64": "0.24.2",
				"@esbuild/freebsd-x64": "0.24.2",
				"@esbuild/linux-arm": "0.24.2",
				"@esbuild/linux-arm64": "0.24.2",
				"@esbuild/linux-ia32": "0.24.2",
				"@esbuild/linux-loong64": "0.24.2",
				"@esbuild/linux-mips64el": "0.24.2",
				"@esbuild/linux-ppc64": "0.24.2",
				"@esbuild/linux-riscv64": "0.24.2",
				"@esbuild/linux-s390x": "0.24.2",
				"@esbuild/linux-x64": "0.24.2",
				"@esbuild/netbsd-arm64": "0.24.2",
				"@esbuild/netbsd-x64": "0.24.2",
				"@esbuild/openbsd-arm64": "0.24.2",
				"@esbuild/openbsd-x64": "0.24.2",
				"@esbuild/sunos-x64": "0.24.2",
				"@esbuild/win32-arm64": "0.24.2",
				"@esbuild/win32-ia32": "0.24.2",
				"@esbuild/win32-x64": "0.24.2"
			}
		},
		"packages/core/node_modules/typescript": {
			"version": "5.7.3",
			"dev": true,
			"license": "Apache-2.0",
			"bin": {
				"tsc": "bin/tsc",
				"tsserver": "bin/tsserver"
			},
			"engines": {
				"node": ">=14.17"
			}
		},
		"packages/core/node_modules/undici-types": {
			"version": "6.20.0",
			"dev": true,
			"license": "MIT"
		},
		"packages/tsload": {
			"version": "0.0.0"
		}
	}
}
